
Microsoft Visual Studio Solution File, Format Version 12.00
# Visual Studio Version 16
VisualStudioVersion = 16.0.30406.217
MinimumVisualStudioVersion = 15.0.26124.0
Project("{FAE04EC0-301F-11D3-BF4B-00C04F79EFBC}") = "SingtonDemo", "SingtonDemo\SingtonDemo.csproj", "{2F14C852-4E63-4062-8B04-585CA177D9BA}"
EndProject
Global
	GlobalSection(SolutionConfigurationPlatforms) = preSolution
		Debug|Any CPU = Debug|Any CPU
		Debug|x64 = Debug|x64
		Debug|x86 = Debug|x86
		Release|Any CPU = Release|Any CPU
		Release|x64 = Release|x64
		Release|x86 = Release|x86
	EndGlobalSection
	GlobalSection(ProjectConfigurationPlatforms) = postSolution
		{2F14C852-4E63-4062-8B04-585CA177D9BA}.Debug|Any CPU.ActiveCfg = Debug|Any CPU
		{2F14C852-4E63-4062-8B04-585CA177D9BA}.Debug|Any CPU.Build.0 = Debug|Any CPU
		{2F14C852-4E63-4062-8B04-585CA177D9BA}.Debug|x64.ActiveCfg = Debug|Any CPU
		{2F14C852-4E63-4062-8B04-585CA177D9BA}.Debug|x64.Build.0 = Debug|Any CPU
		{2F14C852-4E63-4062-8B04-585CA177D9BA}.Debug|x86.ActiveCfg = Debug|Any CPU
		{2F14C852-4E63-4062-8B04-585CA177D9BA}.Debug|x86.Build.0 = Debug|Any CPU
		{2F14C852-4E63-4062-8B04-585CA177D9BA}.Release|Any CPU.ActiveCfg = Release|Any CPU
		{2F14C852-4E63-4062-8B04-585CA177D9BA}.Release|Any CPU.Build.0 = Release|Any CPU
		{2F14C852-4E63-4062-8B04-585CA177D9BA}.Release|x64.ActiveCfg = Release|Any CPU
		{2F14C852-4E63-4062-8B04-585CA177D9BA}.Release|x64.Build.0 = Release|Any CPU
		{2F14C852-4E63-4062-8B04-585CA177D9BA}.Release|x86.ActiveCfg = Release|Any CPU
		{2F14C852-4E63-4062-8B04-585CA177D9BA}.Release|x86.Build.0 = Release|Any CPU
	EndGlobalSection
	GlobalSection(SolutionProperties) = preSolution
		HideSolutionNode = FALSE
	EndGlobalSection
	GlobalSection(ExtensibilityGlobals) = postSolution
		SolutionGuid = {59863280-2004-48AA-AF35-2999517621C8}
	EndGlobalSection
EndGlobal
